
Microsoft Visual Studio Solution File, Format Version 12.00
# Visual Studio Version 17
VisualStudioVersion = 17.7.34024.191
MinimumVisualStudioVersion = 10.0.40219.1
Project("{9A19103F-16F7-4668-BE54-9A1E7A4F7556}") = "Interfaz", "Interfaz\Interfaz.csproj", "{484BC009-19D7-4F21-9596-B54F68E3E7A4}"
EndProject
Project("{9A19103F-16F7-4668-BE54-9A1E7A4F7556}") = "BussinesLogic", "BussinesLogic\BussinesLogic.csproj", "{727A2150-D30B-48F5-BFA0-17BFB20C5B12}"
EndProject
Project("{9A19103F-16F7-4668-BE54-9A1E7A4F7556}") = "BussinesLogicTest", "BussinesLogicTest\BussinesLogicTest.csproj", "{7A256AD9-C400-4B84-A849-7601EDBC7956}"
EndProject
Project("{9A19103F-16F7-4668-BE54-9A1E7A4F7556}") = "Domain", "Domain\Domain.csproj", "{758E1C50-C851-4658-8C33-0532795EA31E}"
EndProject
Project("{9A19103F-16F7-4668-BE54-9A1E7A4F7556}") = "DomainTest", "DomainTest\DomainTest.csproj", "{0D1AE4E9-594F-4115-AC91-B6B6F1A96FC8}"
EndProject
Project("{9A19103F-16F7-4668-BE54-9A1E7A4F7556}") = "Repository", "Repository\Repository.csproj", "{7E5237DE-0887-4896-B9B2-D4EE4C3CDE5A}"
EndProject
Project("{9A19103F-16F7-4668-BE54-9A1E7A4F7556}") = "RepositoryTest", "RepositoryTest\RepositoryTest.csproj", "{221146AB-C7C2-4C0F-B2AE-A3FF44DC62A6}"
EndProject
Project("{9A19103F-16F7-4668-BE54-9A1E7A4F7556}") = "EspacioReporte", "Reporte\EspacioReporte.csproj", "{DF6C3312-405C-4FBE-BFBA-ADA55C4DEE03}"
EndProject
Project("{9A19103F-16F7-4668-BE54-9A1E7A4F7556}") = "EspacioReporteTest", "ReporteTest\EspacioReporteTest.csproj", "{5FA7AB78-992F-4619-A77F-564C606CF0C0}"
EndProject
Project("{9A19103F-16F7-4668-BE54-9A1E7A4F7556}") = "Excepcion", "Excepcion\Excepcion.csproj", "{49C5E60E-FCC8-418D-BC68-DA6704582650}"
EndProject
Global
	GlobalSection(SolutionConfigurationPlatforms) = preSolution
		Debug|Any CPU = Debug|Any CPU
		Release|Any CPU = Release|Any CPU
	EndGlobalSection
	GlobalSection(ProjectConfigurationPlatforms) = postSolution
		{484BC009-19D7-4F21-9596-B54F68E3E7A4}.Debug|Any CPU.ActiveCfg = Debug|Any CPU
		{484BC009-19D7-4F21-9596-B54F68E3E7A4}.Debug|Any CPU.Build.0 = Debug|Any CPU
		{484BC009-19D7-4F21-9596-B54F68E3E7A4}.Release|Any CPU.ActiveCfg = Release|Any CPU
		{484BC009-19D7-4F21-9596-B54F68E3E7A4}.Release|Any CPU.Build.0 = Release|Any CPU
		{727A2150-D30B-48F5-BFA0-17BFB20C5B12}.Debug|Any CPU.ActiveCfg = Debug|Any CPU
		{727A2150-D30B-48F5-BFA0-17BFB20C5B12}.Debug|Any CPU.Build.0 = Debug|Any CPU
		{727A2150-D30B-48F5-BFA0-17BFB20C5B12}.Release|Any CPU.ActiveCfg = Release|Any CPU
		{727A2150-D30B-48F5-BFA0-17BFB20C5B12}.Release|Any CPU.Build.0 = Release|Any CPU
		{7A256AD9-C400-4B84-A849-7601EDBC7956}.Debug|Any CPU.ActiveCfg = Debug|Any CPU
		{7A256AD9-C400-4B84-A849-7601EDBC7956}.Debug|Any CPU.Build.0 = Debug|Any CPU
		{7A256AD9-C400-4B84-A849-7601EDBC7956}.Release|Any CPU.ActiveCfg = Release|Any CPU
		{7A256AD9-C400-4B84-A849-7601EDBC7956}.Release|Any CPU.Build.0 = Release|Any CPU
		{758E1C50-C851-4658-8C33-0532795EA31E}.Debug|Any CPU.ActiveCfg = Debug|Any CPU
		{758E1C50-C851-4658-8C33-0532795EA31E}.Debug|Any CPU.Build.0 = Debug|Any CPU
		{758E1C50-C851-4658-8C33-0532795EA31E}.Release|Any CPU.ActiveCfg = Release|Any CPU
		{758E1C50-C851-4658-8C33-0532795EA31E}.Release|Any CPU.Build.0 = Release|Any CPU
		{0D1AE4E9-594F-4115-AC91-B6B6F1A96FC8}.Debug|Any CPU.ActiveCfg = Debug|Any CPU
		{0D1AE4E9-594F-4115-AC91-B6B6F1A96FC8}.Debug|Any CPU.Build.0 = Debug|Any CPU
		{0D1AE4E9-594F-4115-AC91-B6B6F1A96FC8}.Release|Any CPU.ActiveCfg = Release|Any CPU
		{0D1AE4E9-594F-4115-AC91-B6B6F1A96FC8}.Release|Any CPU.Build.0 = Release|Any CPU
		{7E5237DE-0887-4896-B9B2-D4EE4C3CDE5A}.Debug|Any CPU.ActiveCfg = Debug|Any CPU
		{7E5237DE-0887-4896-B9B2-D4EE4C3CDE5A}.Debug|Any CPU.Build.0 = Debug|Any CPU
		{7E5237DE-0887-4896-B9B2-D4EE4C3CDE5A}.Release|Any CPU.ActiveCfg = Release|Any CPU
		{7E5237DE-0887-4896-B9B2-D4EE4C3CDE5A}.Release|Any CPU.Build.0 = Release|Any CPU
		{221146AB-C7C2-4C0F-B2AE-A3FF44DC62A6}.Debug|Any CPU.ActiveCfg = Debug|Any CPU
		{221146AB-C7C2-4C0F-B2AE-A3FF44DC62A6}.Debug|Any CPU.Build.0 = Debug|Any CPU
		{221146AB-C7C2-4C0F-B2AE-A3FF44DC62A6}.Release|Any CPU.ActiveCfg = Release|Any CPU
		{221146AB-C7C2-4C0F-B2AE-A3FF44DC62A6}.Release|Any CPU.Build.0 = Release|Any CPU
		{DF6C3312-405C-4FBE-BFBA-ADA55C4DEE03}.Debug|Any CPU.ActiveCfg = Debug|Any CPU
		{DF6C3312-405C-4FBE-BFBA-ADA55C4DEE03}.Debug|Any CPU.Build.0 = Debug|Any CPU
		{DF6C3312-405C-4FBE-BFBA-ADA55C4DEE03}.Release|Any CPU.ActiveCfg = Release|Any CPU
		{DF6C3312-405C-4FBE-BFBA-ADA55C4DEE03}.Release|Any CPU.Build.0 = Release|Any CPU
		{5FA7AB78-992F-4619-A77F-564C606CF0C0}.Debug|Any CPU.ActiveCfg = Debug|Any CPU
		{5FA7AB78-992F-4619-A77F-564C606CF0C0}.Debug|Any CPU.Build.0 = Debug|Any CPU
		{5FA7AB78-992F-4619-A77F-564C606CF0C0}.Release|Any CPU.ActiveCfg = Release|Any CPU
		{5FA7AB78-992F-4619-A77F-564C606CF0C0}.Release|Any CPU.Build.0 = Release|Any CPU
		{49C5E60E-FCC8-418D-BC68-DA6704582650}.Debug|Any CPU.ActiveCfg = Debug|Any CPU
		{49C5E60E-FCC8-418D-BC68-DA6704582650}.Debug|Any CPU.Build.0 = Debug|Any CPU
		{49C5E60E-FCC8-418D-BC68-DA6704582650}.Release|Any CPU.ActiveCfg = Release|Any CPU
		{49C5E60E-FCC8-418D-BC68-DA6704582650}.Release|Any CPU.Build.0 = Release|Any CPU
	EndGlobalSection
	GlobalSection(SolutionProperties) = preSolution
		HideSolutionNode = FALSE
	EndGlobalSection
	GlobalSection(ExtensibilityGlobals) = postSolution
		SolutionGuid = {5B40A587-3050-44D4-B054-807FE1784EFA}
	EndGlobalSection
EndGlobal
